
Microsoft Visual Studio Solution File, Format Version 12.00
# Visual Studio Version 16
VisualStudioVersion = 16.0.30413.136
MinimumVisualStudioVersion = 10.0.40219.1
Project("{FAE04EC0-301F-11D3-BF4B-00C04F79EFBC}") = "testeBanco", "testeBanco.csproj", "{0C0DAF1D-E20E-4C89-8106-2091B1478B82}"
EndProject
Global
	GlobalSection(SolutionConfigurationPlatforms) = preSolution
		Debug|Any CPU = Debug|Any CPU
		Release|Any CPU = Release|Any CPU
	EndGlobalSection
	GlobalSection(ProjectConfigurationPlatforms) = postSolution
		{0C0DAF1D-E20E-4C89-8106-2091B1478B82}.Debug|Any CPU.ActiveCfg = Debug|Any CPU
		{0C0DAF1D-E20E-4C89-8106-2091B1478B82}.Debug|Any CPU.Build.0 = Debug|Any CPU
		{0C0DAF1D-E20E-4C89-8106-2091B1478B82}.Release|Any CPU.ActiveCfg = Release|Any CPU
		{0C0DAF1D-E20E-4C89-8106-2091B1478B82}.Release|Any CPU.Build.0 = Release|Any CPU
	EndGlobalSection
	GlobalSection(SolutionProperties) = preSolution
		HideSolutionNode = FALSE
	EndGlobalSection
	GlobalSection(ExtensibilityGlobals) = postSolution
		SolutionGuid = {560AD82D-7BD9-4660-9E5C-76C3D6B6C3CA}
	EndGlobalSection
EndGlobal
